
Microsoft Visual Studio Solution File, Format Version 12.00
# Visual Studio 15
Project("{FAE04EC0-301F-11D3-BF4B-00C04F79EFBC}") = "Emma.Android", "Emma.Android\Emma.Android.csproj", "{FD889B07-7022-49FB-939F-FF4223FDE17A}"
EndProject
Project("{FAE04EC0-301F-11D3-BF4B-00C04F79EFBC}") = "Emma.iOS", "Emma.iOS\Emma.iOS.csproj", "{610552FC-861D-4574-8E13-608A4D025CCA}"
EndProject
Project("{FAE04EC0-301F-11D3-BF4B-00C04F79EFBC}") = "Emma.UITests", "Emma.UITests\Emma.UITests.csproj", "{7F5D7D24-3075-4705-938A-84146C248D69}"
EndProject
Project("{FAE04EC0-301F-11D3-BF4B-00C04F79EFBC}") = "Emma", "Emma\Emma.csproj", "{E277A563-9911-4604-B782-54705B9BD028}"
EndProject
Global
	GlobalSection(SolutionConfigurationPlatforms) = preSolution
		Debug|Any CPU = Debug|Any CPU
		Release|Any CPU = Release|Any CPU
		Debug|iPhoneSimulator = Debug|iPhoneSimulator
		Release|iPhoneSimulator = Release|iPhoneSimulator
		Debug|iPhone = Debug|iPhone
		Release|iPhone = Release|iPhone
	EndGlobalSection
	GlobalSection(ProjectConfigurationPlatforms) = postSolution
		{FD889B07-7022-49FB-939F-FF4223FDE17A}.Debug|Any CPU.ActiveCfg = Debug|Any CPU
		{FD889B07-7022-49FB-939F-FF4223FDE17A}.Debug|Any CPU.Build.0 = Debug|Any CPU
		{FD889B07-7022-49FB-939F-FF4223FDE17A}.Release|Any CPU.ActiveCfg = Release|Any CPU
		{FD889B07-7022-49FB-939F-FF4223FDE17A}.Release|Any CPU.Build.0 = Release|Any CPU
		{FD889B07-7022-49FB-939F-FF4223FDE17A}.Debug|iPhoneSimulator.ActiveCfg = Debug|Any CPU
		{FD889B07-7022-49FB-939F-FF4223FDE17A}.Debug|iPhoneSimulator.Build.0 = Debug|Any CPU
		{FD889B07-7022-49FB-939F-FF4223FDE17A}.Release|iPhoneSimulator.ActiveCfg = Release|Any CPU
		{FD889B07-7022-49FB-939F-FF4223FDE17A}.Release|iPhoneSimulator.Build.0 = Release|Any CPU
		{FD889B07-7022-49FB-939F-FF4223FDE17A}.Debug|iPhone.ActiveCfg = Debug|Any CPU
		{FD889B07-7022-49FB-939F-FF4223FDE17A}.Debug|iPhone.Build.0 = Debug|Any CPU
		{FD889B07-7022-49FB-939F-FF4223FDE17A}.Release|iPhone.ActiveCfg = Release|Any CPU
		{FD889B07-7022-49FB-939F-FF4223FDE17A}.Release|iPhone.Build.0 = Release|Any CPU
		{610552FC-861D-4574-8E13-608A4D025CCA}.Debug|Any CPU.ActiveCfg = Debug|iPhoneSimulator
		{610552FC-861D-4574-8E13-608A4D025CCA}.Debug|Any CPU.Build.0 = Debug|iPhoneSimulator
		{610552FC-861D-4574-8E13-608A4D025CCA}.Release|Any CPU.ActiveCfg = Release|iPhoneSimulator
		{610552FC-861D-4574-8E13-608A4D025CCA}.Release|Any CPU.Build.0 = Release|iPhoneSimulator
		{610552FC-861D-4574-8E13-608A4D025CCA}.Debug|iPhoneSimulator.ActiveCfg = Debug|iPhoneSimulator
		{610552FC-861D-4574-8E13-608A4D025CCA}.Debug|iPhoneSimulator.Build.0 = Debug|iPhoneSimulator
		{610552FC-861D-4574-8E13-608A4D025CCA}.Release|iPhoneSimulator.ActiveCfg = Release|iPhoneSimulator
		{610552FC-861D-4574-8E13-608A4D025CCA}.Release|iPhoneSimulator.Build.0 = Release|iPhoneSimulator
		{610552FC-861D-4574-8E13-608A4D025CCA}.Debug|iPhone.ActiveCfg = Debug|iPhone
		{610552FC-861D-4574-8E13-608A4D025CCA}.Debug|iPhone.Build.0 = Debug|iPhone
		{610552FC-861D-4574-8E13-608A4D025CCA}.Release|iPhone.ActiveCfg = Release|iPhone
		{610552FC-861D-4574-8E13-608A4D025CCA}.Release|iPhone.Build.0 = Release|iPhone
		{7F5D7D24-3075-4705-938A-84146C248D69}.Debug|Any CPU.ActiveCfg = Debug|Any CPU
		{7F5D7D24-3075-4705-938A-84146C248D69}.Debug|Any CPU.Build.0 = Debug|Any CPU
		{7F5D7D24-3075-4705-938A-84146C248D69}.Release|Any CPU.ActiveCfg = Release|Any CPU
		{7F5D7D24-3075-4705-938A-84146C248D69}.Release|Any CPU.Build.0 = Release|Any CPU
		{7F5D7D24-3075-4705-938A-84146C248D69}.Debug|iPhoneSimulator.ActiveCfg = Debug|Any CPU
		{7F5D7D24-3075-4705-938A-84146C248D69}.Debug|iPhoneSimulator.Build.0 = Debug|Any CPU
		{7F5D7D24-3075-4705-938A-84146C248D69}.Release|iPhoneSimulator.ActiveCfg = Release|Any CPU
		{7F5D7D24-3075-4705-938A-84146C248D69}.Release|iPhoneSimulator.Build.0 = Release|Any CPU
		{7F5D7D24-3075-4705-938A-84146C248D69}.Debug|iPhone.ActiveCfg = Debug|Any CPU
		{7F5D7D24-3075-4705-938A-84146C248D69}.Debug|iPhone.Build.0 = Debug|Any CPU
		{7F5D7D24-3075-4705-938A-84146C248D69}.Release|iPhone.ActiveCfg = Release|Any CPU
		{7F5D7D24-3075-4705-938A-84146C248D69}.Release|iPhone.Build.0 = Release|Any CPU
		{E277A563-9911-4604-B782-54705B9BD028}.Debug|Any CPU.ActiveCfg = Debug|Any CPU
		{E277A563-9911-4604-B782-54705B9BD028}.Debug|Any CPU.Build.0 = Debug|Any CPU
		{E277A563-9911-4604-B782-54705B9BD028}.Release|Any CPU.ActiveCfg = Release|Any CPU
		{E277A563-9911-4604-B782-54705B9BD028}.Release|Any CPU.Build.0 = Release|Any CPU
		{E277A563-9911-4604-B782-54705B9BD028}.Debug|iPhoneSimulator.ActiveCfg = Debug|Any CPU
		{E277A563-9911-4604-B782-54705B9BD028}.Debug|iPhoneSimulator.Build.0 = Debug|Any CPU
		{E277A563-9911-4604-B782-54705B9BD028}.Release|iPhoneSimulator.ActiveCfg = Release|Any CPU
		{E277A563-9911-4604-B782-54705B9BD028}.Release|iPhoneSimulator.Build.0 = Release|Any CPU
		{E277A563-9911-4604-B782-54705B9BD028}.Debug|iPhone.ActiveCfg = Debug|Any CPU
		{E277A563-9911-4604-B782-54705B9BD028}.Debug|iPhone.Build.0 = Debug|Any CPU
		{E277A563-9911-4604-B782-54705B9BD028}.Release|iPhone.ActiveCfg = Release|Any CPU
		{E277A563-9911-4604-B782-54705B9BD028}.Release|iPhone.Build.0 = Release|Any CPU
	EndGlobalSection
EndGlobal
